// !$*UTF8*$!
{
	archiveVersion = 1;
	classes = {
	};
	objectVersion = 56;
	objects = {

/* Begin PBXBuildFile section */
		1502172F2C43E2CE00C80D1A /* WBSeniorCourseApp.swift in Sources */ = {isa = PBXBuildFile; fileRef = 1502172E2C43E2CE00C80D1A /* WBSeniorCourseApp.swift */; };
		150217312C43E2CE00C80D1A /* ContentView.swift in Sources */ = {isa = PBXBuildFile; fileRef = 150217302C43E2CE00C80D1A /* ContentView.swift */; };
		150217332C43E2CF00C80D1A /* Assets.xcassets in Resources */ = {isa = PBXBuildFile; fileRef = 150217322C43E2CF00C80D1A /* Assets.xcassets */; };
		150217362C43E2CF00C80D1A /* Preview Assets.xcassets in Resources */ = {isa = PBXBuildFile; fileRef = 150217352C43E2CF00C80D1A /* Preview Assets.xcassets */; };
		150217422C43E2EF00C80D1A /* Montserrat-Bold.ttf in Resources */ = {isa = PBXBuildFile; fileRef = 1502173C2C43E2EF00C80D1A /* Montserrat-Bold.ttf */; };
		150217432C43E2EF00C80D1A /* Montserrat-Italic.ttf in Resources */ = {isa = PBXBuildFile; fileRef = 1502173D2C43E2EF00C80D1A /* Montserrat-Italic.ttf */; };
		150217442C43E2EF00C80D1A /* Montserrat-Medium.ttf in Resources */ = {isa = PBXBuildFile; fileRef = 1502173E2C43E2EF00C80D1A /* Montserrat-Medium.ttf */; };
		150217452C43E2EF00C80D1A /* Montserrat-Regular.ttf in Resources */ = {isa = PBXBuildFile; fileRef = 1502173F2C43E2EF00C80D1A /* Montserrat-Regular.ttf */; };
		150217462C43E2EF00C80D1A /* Montserrat-SemiBold.ttf in Resources */ = {isa = PBXBuildFile; fileRef = 150217402C43E2EF00C80D1A /* Montserrat-SemiBold.ttf */; };
		150480252C60CCAF007B9A18 /* StatisticView.swift in Sources */ = {isa = PBXBuildFile; fileRef = 150480242C60CCAF007B9A18 /* StatisticView.swift */; };
		150480272C60CCB6007B9A18 /* ChatView.swift in Sources */ = {isa = PBXBuildFile; fileRef = 150480262C60CCB6007B9A18 /* ChatView.swift */; };
		150480292C60CCBB007B9A18 /* FireView.swift in Sources */ = {isa = PBXBuildFile; fileRef = 150480282C60CCBA007B9A18 /* FireView.swift */; };
		1504802B2C60CCC2007B9A18 /* CalendarView.swift in Sources */ = {isa = PBXBuildFile; fileRef = 1504802A2C60CCC2007B9A18 /* CalendarView.swift */; };
		1504802D2C60CCC9007B9A18 /* SettingsView.swift in Sources */ = {isa = PBXBuildFile; fileRef = 1504802C2C60CCC9007B9A18 /* SettingsView.swift */; };
		1521170D2C569468000BB27C /* SidebarAction.swift in Sources */ = {isa = PBXBuildFile; fileRef = 1521170C2C569468000BB27C /* SidebarAction.swift */; };
		1521170F2C569474000BB27C /* SidebarState.swift in Sources */ = {isa = PBXBuildFile; fileRef = 1521170E2C569474000BB27C /* SidebarState.swift */; };
		152117112C569481000BB27C /* SidebarReducer.swift in Sources */ = {isa = PBXBuildFile; fileRef = 152117102C569481000BB27C /* SidebarReducer.swift */; };
		152117132C569496000BB27C /* Store.swift in Sources */ = {isa = PBXBuildFile; fileRef = 152117122C569496000BB27C /* Store.swift */; };
		152117152C5694B2000BB27C /* SidebarView.swift in Sources */ = {isa = PBXBuildFile; fileRef = 152117142C5694B2000BB27C /* SidebarView.swift */; };
		152117192C569501000BB27C /* TabItem.swift in Sources */ = {isa = PBXBuildFile; fileRef = 152117182C569501000BB27C /* TabItem.swift */; };
		1521171B2C56A302000BB27C /* TabButton.swift in Sources */ = {isa = PBXBuildFile; fileRef = 1521171A2C56A302000BB27C /* TabButton.swift */; };
/* End PBXBuildFile section */

/* Begin PBXFileReference section */
		1502172B2C43E2CE00C80D1A /* WBSeniorCourse.app */ = {isa = PBXFileReference; explicitFileType = wrapper.application; includeInIndex = 0; path = WBSeniorCourse.app; sourceTree = BUILT_PRODUCTS_DIR; };
		1502172E2C43E2CE00C80D1A /* WBSeniorCourseApp.swift */ = {isa = PBXFileReference; lastKnownFileType = sourcecode.swift; path = WBSeniorCourseApp.swift; sourceTree = "<group>"; };
		150217302C43E2CE00C80D1A /* ContentView.swift */ = {isa = PBXFileReference; lastKnownFileType = sourcecode.swift; path = ContentView.swift; sourceTree = "<group>"; };
		150217322C43E2CF00C80D1A /* Assets.xcassets */ = {isa = PBXFileReference; lastKnownFileType = folder.assetcatalog; path = Assets.xcassets; sourceTree = "<group>"; };
		150217352C43E2CF00C80D1A /* Preview Assets.xcassets */ = {isa = PBXFileReference; lastKnownFileType = folder.assetcatalog; path = "Preview Assets.xcassets"; sourceTree = "<group>"; };
		1502173C2C43E2EF00C80D1A /* Montserrat-Bold.ttf */ = {isa = PBXFileReference; lastKnownFileType = file; path = "Montserrat-Bold.ttf"; sourceTree = "<group>"; };
		1502173D2C43E2EF00C80D1A /* Montserrat-Italic.ttf */ = {isa = PBXFileReference; lastKnownFileType = file; path = "Montserrat-Italic.ttf"; sourceTree = "<group>"; };
		1502173E2C43E2EF00C80D1A /* Montserrat-Medium.ttf */ = {isa = PBXFileReference; lastKnownFileType = file; path = "Montserrat-Medium.ttf"; sourceTree = "<group>"; };
		1502173F2C43E2EF00C80D1A /* Montserrat-Regular.ttf */ = {isa = PBXFileReference; lastKnownFileType = file; path = "Montserrat-Regular.ttf"; sourceTree = "<group>"; };
		150217402C43E2EF00C80D1A /* Montserrat-SemiBold.ttf */ = {isa = PBXFileReference; lastKnownFileType = file; path = "Montserrat-SemiBold.ttf"; sourceTree = "<group>"; };
		150217472C43E32000C80D1A /* Info.plist */ = {isa = PBXFileReference; lastKnownFileType = text.plist; path = Info.plist; sourceTree = "<group>"; };
		150480242C60CCAF007B9A18 /* StatisticView.swift */ = {isa = PBXFileReference; lastKnownFileType = sourcecode.swift; path = StatisticView.swift; sourceTree = "<group>"; };
		150480262C60CCB6007B9A18 /* ChatView.swift */ = {isa = PBXFileReference; lastKnownFileType = sourcecode.swift; path = ChatView.swift; sourceTree = "<group>"; };
		150480282C60CCBA007B9A18 /* FireView.swift */ = {isa = PBXFileReference; lastKnownFileType = sourcecode.swift; path = FireView.swift; sourceTree = "<group>"; };
		1504802A2C60CCC2007B9A18 /* CalendarView.swift */ = {isa = PBXFileReference; lastKnownFileType = sourcecode.swift; path = CalendarView.swift; sourceTree = "<group>"; };
		1504802C2C60CCC9007B9A18 /* SettingsView.swift */ = {isa = PBXFileReference; lastKnownFileType = sourcecode.swift; path = SettingsView.swift; sourceTree = "<group>"; };
		1521170C2C569468000BB27C /* SidebarAction.swift */ = {isa = PBXFileReference; lastKnownFileType = sourcecode.swift; path = SidebarAction.swift; sourceTree = "<group>"; };
		1521170E2C569474000BB27C /* SidebarState.swift */ = {isa = PBXFileReference; lastKnownFileType = sourcecode.swift; path = SidebarState.swift; sourceTree = "<group>"; };
		152117102C569481000BB27C /* SidebarReducer.swift */ = {isa = PBXFileReference; lastKnownFileType = sourcecode.swift; path = SidebarReducer.swift; sourceTree = "<group>"; };
		152117122C569496000BB27C /* Store.swift */ = {isa = PBXFileReference; lastKnownFileType = sourcecode.swift; path = Store.swift; sourceTree = "<group>"; };
		152117142C5694B2000BB27C /* SidebarView.swift */ = {isa = PBXFileReference; lastKnownFileType = sourcecode.swift; path = SidebarView.swift; sourceTree = "<group>"; };
		152117182C569501000BB27C /* TabItem.swift */ = {isa = PBXFileReference; lastKnownFileType = sourcecode.swift; path = TabItem.swift; sourceTree = "<group>"; };
		1521171A2C56A302000BB27C /* TabButton.swift */ = {isa = PBXFileReference; lastKnownFileType = sourcecode.swift; path = TabButton.swift; sourceTree = "<group>"; };
/* End PBXFileReference section */

/* Begin PBXFrameworksBuildPhase section */
		150217282C43E2CE00C80D1A /* Frameworks */ = {
			isa = PBXFrameworksBuildPhase;
			buildActionMask = 2147483647;
			files = (
			);
			runOnlyForDeploymentPostprocessing = 0;
		};
/* End PBXFrameworksBuildPhase section */

/* Begin PBXGroup section */
		150217222C43E2CE00C80D1A = {
			isa = PBXGroup;
			children = (
				1502172D2C43E2CE00C80D1A /* WBSeniorCourse */,
				1502172C2C43E2CE00C80D1A /* Products */,
			);
			sourceTree = "<group>";
		};
		1502172C2C43E2CE00C80D1A /* Products */ = {
			isa = PBXGroup;
			children = (
				1502172B2C43E2CE00C80D1A /* WBSeniorCourse.app */,
			);
			name = Products;
			sourceTree = "<group>";
		};
		1502172D2C43E2CE00C80D1A /* WBSeniorCourse */ = {
			isa = PBXGroup;
			children = (
				150217472C43E32000C80D1A /* Info.plist */,
				1502172E2C43E2CE00C80D1A /* WBSeniorCourseApp.swift */,
				152117122C569496000BB27C /* Store.swift */,
				150217302C43E2CE00C80D1A /* ContentView.swift */,
				150480232C60CCA1007B9A18 /* View */,
				1521170B2C56945A000BB27C /* SideTabbar  */,
				152117172C5694FB000BB27C /* Model */,
				150217322C43E2CF00C80D1A /* Assets.xcassets */,
				150217412C43E2EF00C80D1A /* Font */,
				150217342C43E2CF00C80D1A /* Preview Content */,
			);
			path = WBSeniorCourse;
			sourceTree = "<group>";
		};
		150217342C43E2CF00C80D1A /* Preview Content */ = {
			isa = PBXGroup;
			children = (
				150217352C43E2CF00C80D1A /* Preview Assets.xcassets */,
			);
			path = "Preview Content";
			sourceTree = "<group>";
		};
		150217412C43E2EF00C80D1A /* Font */ = {
			isa = PBXGroup;
			children = (
				1502173C2C43E2EF00C80D1A /* Montserrat-Bold.ttf */,
				1502173D2C43E2EF00C80D1A /* Montserrat-Italic.ttf */,
				1502173E2C43E2EF00C80D1A /* Montserrat-Medium.ttf */,
				1502173F2C43E2EF00C80D1A /* Montserrat-Regular.ttf */,
				150217402C43E2EF00C80D1A /* Montserrat-SemiBold.ttf */,
			);
			path = Font;
			sourceTree = "<group>";
		};
		150480232C60CCA1007B9A18 /* View */ = {
			isa = PBXGroup;
			children = (
				1504802F2C60CF6C007B9A18 /* Statistic  */,
				1504802C2C60CCC9007B9A18 /* SettingsView.swift */,
				150480262C60CCB6007B9A18 /* ChatView.swift */,
				150480282C60CCBA007B9A18 /* FireView.swift */,
				1504802A2C60CCC2007B9A18 /* CalendarView.swift */,
			);
			path = View;
			sourceTree = "<group>";
		};
		1504802F2C60CF6C007B9A18 /* Statistic  */ = {
			isa = PBXGroup;
			children = (
				150480242C60CCAF007B9A18 /* StatisticView.swift */,
			);
			path = "Statistic ";
			sourceTree = "<group>";
		};
		1521170B2C56945A000BB27C /* SideTabbar  */ = {
			isa = PBXGroup;
			children = (
				152117142C5694B2000BB27C /* SidebarView.swift */,
				1521171A2C56A302000BB27C /* TabButton.swift */,
				152117162C5694C2000BB27C /* Components */,
			);
			path = "SideTabbar ";
			sourceTree = "<group>";
		};
		152117162C5694C2000BB27C /* Components */ = {
			isa = PBXGroup;
			children = (
				1521170C2C569468000BB27C /* SidebarAction.swift */,
				1521170E2C569474000BB27C /* SidebarState.swift */,
				152117102C569481000BB27C /* SidebarReducer.swift */,
			);
			path = Components;
			sourceTree = "<group>";
		};
		152117172C5694FB000BB27C /* Model */ = {
			isa = PBXGroup;
			children = (
				152117182C569501000BB27C /* TabItem.swift */,
			);
			path = Model;
			sourceTree = "<group>";
		};
/* End PBXGroup section */

/* Begin PBXNativeTarget section */
		1502172A2C43E2CE00C80D1A /* WBSeniorCourse */ = {
			isa = PBXNativeTarget;
			buildConfigurationList = 150217392C43E2CF00C80D1A /* Build configuration list for PBXNativeTarget "WBSeniorCourse" */;
			buildPhases = (
				150217272C43E2CE00C80D1A /* Sources */,
				150217282C43E2CE00C80D1A /* Frameworks */,
				150217292C43E2CE00C80D1A /* Resources */,
			);
			buildRules = (
			);
			dependencies = (
			);
			name = WBSeniorCourse;
			productName = WBSeniorCourse;
			productReference = 1502172B2C43E2CE00C80D1A /* WBSeniorCourse.app */;
			productType = "com.apple.product-type.application";
		};
/* End PBXNativeTarget section */

/* Begin PBXProject section */
		150217232C43E2CE00C80D1A /* Project object */ = {
			isa = PBXProject;
			attributes = {
				BuildIndependentTargetsInParallel = 1;
				LastSwiftUpdateCheck = 1530;
				LastUpgradeCheck = 1530;
				TargetAttributes = {
					1502172A2C43E2CE00C80D1A = {
						CreatedOnToolsVersion = 15.3;
					};
				};
			};
			buildConfigurationList = 150217262C43E2CE00C80D1A /* Build configuration list for PBXProject "WBSeniorCourse" */;
			compatibilityVersion = "Xcode 14.0";
			developmentRegion = en;
			hasScannedForEncodings = 0;
			knownRegions = (
				en,
				Base,
			);
			mainGroup = 150217222C43E2CE00C80D1A;
			productRefGroup = 1502172C2C43E2CE00C80D1A /* Products */;
			projectDirPath = "";
			projectRoot = "";
			targets = (
				1502172A2C43E2CE00C80D1A /* WBSeniorCourse */,
			);
		};
/* End PBXProject section */

/* Begin PBXResourcesBuildPhase section */
		150217292C43E2CE00C80D1A /* Resources */ = {
			isa = PBXResourcesBuildPhase;
			buildActionMask = 2147483647;
			files = (
				150217452C43E2EF00C80D1A /* Montserrat-Regular.ttf in Resources */,
				150217362C43E2CF00C80D1A /* Preview Assets.xcassets in Resources */,
				150217442C43E2EF00C80D1A /* Montserrat-Medium.ttf in Resources */,
				150217462C43E2EF00C80D1A /* Montserrat-SemiBold.ttf in Resources */,
				150217332C43E2CF00C80D1A /* Assets.xcassets in Resources */,
				150217422C43E2EF00C80D1A /* Montserrat-Bold.ttf in Resources */,
				150217432C43E2EF00C80D1A /* Montserrat-Italic.ttf in Resources */,
			);
			runOnlyForDeploymentPostprocessing = 0;
		};
/* End PBXResourcesBuildPhase section */

/* Begin PBXSourcesBuildPhase section */
		150217272C43E2CE00C80D1A /* Sources */ = {
			isa = PBXSourcesBuildPhase;
			buildActionMask = 2147483647;
			files = (
				1521171B2C56A302000BB27C /* TabButton.swift in Sources */,
				150480252C60CCAF007B9A18 /* StatisticView.swift in Sources */,
				152117112C569481000BB27C /* SidebarReducer.swift in Sources */,
				1521170F2C569474000BB27C /* SidebarState.swift in Sources */,
				150480272C60CCB6007B9A18 /* ChatView.swift in Sources */,
				152117152C5694B2000BB27C /* SidebarView.swift in Sources */,
				1504802B2C60CCC2007B9A18 /* CalendarView.swift in Sources */,
				1504802D2C60CCC9007B9A18 /* SettingsView.swift in Sources */,
				150480292C60CCBB007B9A18 /* FireView.swift in Sources */,
				150217312C43E2CE00C80D1A /* ContentView.swift in Sources */,
				152117132C569496000BB27C /* Store.swift in Sources */,
				1521170D2C569468000BB27C /* SidebarAction.swift in Sources */,
				152117192C569501000BB27C /* TabItem.swift in Sources */,
				1502172F2C43E2CE00C80D1A /* WBSeniorCourseApp.swift in Sources */,
			);
			runOnlyForDeploymentPostprocessing = 0;
		};
/* End PBXSourcesBuildPhase section */

/* Begin XCBuildConfiguration section */
		150217372C43E2CF00C80D1A /* Debug */ = {
			isa = XCBuildConfiguration;
			buildSettings = {
				ALWAYS_SEARCH_USER_PATHS = NO;
				ASSETCATALOG_COMPILER_GENERATE_SWIFT_ASSET_SYMBOL_EXTENSIONS = YES;
				CLANG_ANALYZER_NONNULL = YES;
				CLANG_ANALYZER_NUMBER_OBJECT_CONVERSION = YES_AGGRESSIVE;
				CLANG_CXX_LANGUAGE_STANDARD = "gnu++20";
				CLANG_ENABLE_MODULES = YES;
				CLANG_ENABLE_OBJC_ARC = YES;
				CLANG_ENABLE_OBJC_WEAK = YES;
				CLANG_WARN_BLOCK_CAPTURE_AUTORELEASING = YES;
				CLANG_WARN_BOOL_CONVERSION = YES;
				CLANG_WARN_COMMA = YES;
				CLANG_WARN_CONSTANT_CONVERSION = YES;
				CLANG_WARN_DEPRECATED_OBJC_IMPLEMENTATIONS = YES;
				CLANG_WARN_DIRECT_OBJC_ISA_USAGE = YES_ERROR;
				CLANG_WARN_DOCUMENTATION_COMMENTS = YES;
				CLANG_WARN_EMPTY_BODY = YES;
				CLANG_WARN_ENUM_CONVERSION = YES;
				CLANG_WARN_INFINITE_RECURSION = YES;
				CLANG_WARN_INT_CONVERSION = YES;
				CLANG_WARN_NON_LITERAL_NULL_CONVERSION = YES;
				CLANG_WARN_OBJC_IMPLICIT_RETAIN_SELF = YES;
				CLANG_WARN_OBJC_LITERAL_CONVERSION = YES;
				CLANG_WARN_OBJC_ROOT_CLASS = YES_ERROR;
				CLANG_WARN_QUOTED_INCLUDE_IN_FRAMEWORK_HEADER = YES;
				CLANG_WARN_RANGE_LOOP_ANALYSIS = YES;
				CLANG_WARN_STRICT_PROTOTYPES = YES;
				CLANG_WARN_SUSPICIOUS_MOVE = YES;
				CLANG_WARN_UNGUARDED_AVAILABILITY = YES_AGGRESSIVE;
				CLANG_WARN_UNREACHABLE_CODE = YES;
				CLANG_WARN__DUPLICATE_METHOD_MATCH = YES;
				COPY_PHASE_STRIP = NO;
				DEBUG_INFORMATION_FORMAT = dwarf;
				ENABLE_STRICT_OBJC_MSGSEND = YES;
				ENABLE_TESTABILITY = YES;
				ENABLE_USER_SCRIPT_SANDBOXING = YES;
				GCC_C_LANGUAGE_STANDARD = gnu17;
				GCC_DYNAMIC_NO_PIC = NO;
				GCC_NO_COMMON_BLOCKS = YES;
				GCC_OPTIMIZATION_LEVEL = 0;
				GCC_PREPROCESSOR_DEFINITIONS = (
					"DEBUG=1",
					"$(inherited)",
				);
				GCC_WARN_64_TO_32_BIT_CONVERSION = YES;
				GCC_WARN_ABOUT_RETURN_TYPE = YES_ERROR;
				GCC_WARN_UNDECLARED_SELECTOR = YES;
				GCC_WARN_UNINITIALIZED_AUTOS = YES_AGGRESSIVE;
				GCC_WARN_UNUSED_FUNCTION = YES;
				GCC_WARN_UNUSED_VARIABLE = YES;
				IPHONEOS_DEPLOYMENT_TARGET = 16.0;
				LOCALIZATION_PREFERS_STRING_CATALOGS = YES;
				MTL_ENABLE_DEBUG_INFO = INCLUDE_SOURCE;
				MTL_FAST_MATH = YES;
				ONLY_ACTIVE_ARCH = YES;
				SDKROOT = iphoneos;
				SWIFT_ACTIVE_COMPILATION_CONDITIONS = "DEBUG $(inherited)";
				SWIFT_OPTIMIZATION_LEVEL = "-Onone";
			};
			name = Debug;
		};
		150217382C43E2CF00C80D1A /* Release */ = {
			isa = XCBuildConfiguration;
			buildSettings = {
				ALWAYS_SEARCH_USER_PATHS = NO;
				ASSETCATALOG_COMPILER_GENERATE_SWIFT_ASSET_SYMBOL_EXTENSIONS = YES;
				CLANG_ANALYZER_NONNULL = YES;
				CLANG_ANALYZER_NUMBER_OBJECT_CONVERSION = YES_AGGRESSIVE;
				CLANG_CXX_LANGUAGE_STANDARD = "gnu++20";
				CLANG_ENABLE_MODULES = YES;
				CLANG_ENABLE_OBJC_ARC = YES;
				CLANG_ENABLE_OBJC_WEAK = YES;
				CLANG_WARN_BLOCK_CAPTURE_AUTORELEASING = YES;
				CLANG_WARN_BOOL_CONVERSION = YES;
				CLANG_WARN_COMMA = YES;
				CLANG_WARN_CONSTANT_CONVERSION = YES;
				CLANG_WARN_DEPRECATED_OBJC_IMPLEMENTATIONS = YES;
				CLANG_WARN_DIRECT_OBJC_ISA_USAGE = YES_ERROR;
				CLANG_WARN_DOCUMENTATION_COMMENTS = YES;
				CLANG_WARN_EMPTY_BODY = YES;
				CLANG_WARN_ENUM_CONVERSION = YES;
				CLANG_WARN_INFINITE_RECURSION = YES;
				CLANG_WARN_INT_CONVERSION = YES;
				CLANG_WARN_NON_LITERAL_NULL_CONVERSION = YES;
				CLANG_WARN_OBJC_IMPLICIT_RETAIN_SELF = YES;
				CLANG_WARN_OBJC_LITERAL_CONVERSION = YES;
				CLANG_WARN_OBJC_ROOT_CLASS = YES_ERROR;
				CLANG_WARN_QUOTED_INCLUDE_IN_FRAMEWORK_HEADER = YES;
				CLANG_WARN_RANGE_LOOP_ANALYSIS = YES;
				CLANG_WARN_STRICT_PROTOTYPES = YES;
				CLANG_WARN_SUSPICIOUS_MOVE = YES;
				CLANG_WARN_UNGUARDED_AVAILABILITY = YES_AGGRESSIVE;
				CLANG_WARN_UNREACHABLE_CODE = YES;
				CLANG_WARN__DUPLICATE_METHOD_MATCH = YES;
				COPY_PHASE_STRIP = NO;
				DEBUG_INFORMATION_FORMAT = "dwarf-with-dsym";
				ENABLE_NS_ASSERTIONS = NO;
				ENABLE_STRICT_OBJC_MSGSEND = YES;
				ENABLE_USER_SCRIPT_SANDBOXING = YES;
				GCC_C_LANGUAGE_STANDARD = gnu17;
				GCC_NO_COMMON_BLOCKS = YES;
				GCC_WARN_64_TO_32_BIT_CONVERSION = YES;
				GCC_WARN_ABOUT_RETURN_TYPE = YES_ERROR;
				GCC_WARN_UNDECLARED_SELECTOR = YES;
				GCC_WARN_UNINITIALIZED_AUTOS = YES_AGGRESSIVE;
				GCC_WARN_UNUSED_FUNCTION = YES;
				GCC_WARN_UNUSED_VARIABLE = YES;
				IPHONEOS_DEPLOYMENT_TARGET = 16.0;
				LOCALIZATION_PREFERS_STRING_CATALOGS = YES;
				MTL_ENABLE_DEBUG_INFO = NO;
				MTL_FAST_MATH = YES;
				SDKROOT = iphoneos;
				SWIFT_COMPILATION_MODE = wholemodule;
				VALIDATE_PRODUCT = YES;
			};
			name = Release;
		};
		1502173A2C43E2CF00C80D1A /* Debug */ = {
			isa = XCBuildConfiguration;
			buildSettings = {
				ASSETCATALOG_COMPILER_APPICON_NAME = AppIcon;
				ASSETCATALOG_COMPILER_GLOBAL_ACCENT_COLOR_NAME = AccentColor;
				CODE_SIGN_STYLE = Automatic;
				CURRENT_PROJECT_VERSION = 1;
				DEVELOPMENT_ASSET_PATHS = "\"WBSeniorCourse/Preview Content\"";
				DEVELOPMENT_TEAM = PP55TUKCZU;
				ENABLE_PREVIEWS = YES;
				GENERATE_INFOPLIST_FILE = YES;
				INFOPLIST_FILE = WBSeniorCourse/Info.plist;
				INFOPLIST_KEY_UIApplicationSceneManifest_Generation = YES;
				INFOPLIST_KEY_UIApplicationSupportsIndirectInputEvents = YES;
				INFOPLIST_KEY_UILaunchScreen_Generation = YES;
				INFOPLIST_KEY_UISupportedInterfaceOrientations = "UIInterfaceOrientationLandscapeLeft UIInterfaceOrientationLandscapeRight UIInterfaceOrientationPortrait";
				INFOPLIST_KEY_UISupportedInterfaceOrientations_iPad = UIInterfaceOrientationLandscapeRight;
				IPHONEOS_DEPLOYMENT_TARGET = 16.0;
				LD_RUNPATH_SEARCH_PATHS = (
					"$(inherited)",
					"@executable_path/Frameworks",
				);
				MARKETING_VERSION = 1.0;
				PRODUCT_BUNDLE_IDENTIFIER = shurup.WBSeniorCourse;
				PRODUCT_NAME = "$(TARGET_NAME)";
				SUPPORTED_PLATFORMS = "iphoneos iphonesimulator";
				SUPPORTS_MACCATALYST = NO;
				SUPPORTS_MAC_DESIGNED_FOR_IPHONE_IPAD = NO;
				SUPPORTS_XR_DESIGNED_FOR_IPHONE_IPAD = NO;
				SWIFT_EMIT_LOC_STRINGS = YES;
				SWIFT_VERSION = 5.0;
				TARGETED_DEVICE_FAMILY = "1,2";
			};
			name = Debug;
		};
		1502173B2C43E2CF00C80D1A /* Release */ = {
			isa = XCBuildConfiguration;
			buildSettings = {
				ASSETCATALOG_COMPILER_APPICON_NAME = AppIcon;
				ASSETCATALOG_COMPILER_GLOBAL_ACCENT_COLOR_NAME = AccentColor;
				CODE_SIGN_STYLE = Automatic;
				CURRENT_PROJECT_VERSION = 1;
				DEVELOPMENT_ASSET_PATHS = "\"WBSeniorCourse/Preview Content\"";
				DEVELOPMENT_TEAM = PP55TUKCZU;
				ENABLE_PREVIEWS = YES;
				GENERATE_INFOPLIST_FILE = YES;
				INFOPLIST_FILE = WBSeniorCourse/Info.plist;
				INFOPLIST_KEY_UIApplicationSceneManifest_Generation = YES;
				INFOPLIST_KEY_UIApplicationSupportsIndirectInputEvents = YES;
				INFOPLIST_KEY_UILaunchScreen_Generation = YES;
				INFOPLIST_KEY_UISupportedInterfaceOrientations = "UIInterfaceOrientationLandscapeLeft UIInterfaceOrientationLandscapeRight UIInterfaceOrientationPortrait";
				INFOPLIST_KEY_UISupportedInterfaceOrientations_iPad = UIInterfaceOrientationLandscapeRight;
				IPHONEOS_DEPLOYMENT_TARGET = 16.0;
				LD_RUNPATH_SEARCH_PATHS = (
					"$(inherited)",
					"@executable_path/Frameworks",
				);
				MARKETING_VERSION = 1.0;
				PRODUCT_BUNDLE_IDENTIFIER = shurup.WBSeniorCourse;
				PRODUCT_NAME = "$(TARGET_NAME)";
				SUPPORTED_PLATFORMS = "iphoneos iphonesimulator";
				SUPPORTS_MACCATALYST = NO;
				SUPPORTS_MAC_DESIGNED_FOR_IPHONE_IPAD = NO;
				SUPPORTS_XR_DESIGNED_FOR_IPHONE_IPAD = NO;
				SWIFT_EMIT_LOC_STRINGS = YES;
				SWIFT_VERSION = 5.0;
				TARGETED_DEVICE_FAMILY = "1,2";
			};
			name = Release;
		};
/* End XCBuildConfiguration section */

/* Begin XCConfigurationList section */
		150217262C43E2CE00C80D1A /* Build configuration list for PBXProject "WBSeniorCourse" */ = {
			isa = XCConfigurationList;
			buildConfigurations = (
				150217372C43E2CF00C80D1A /* Debug */,
				150217382C43E2CF00C80D1A /* Release */,
			);
			defaultConfigurationIsVisible = 0;
			defaultConfigurationName = Release;
		};
		150217392C43E2CF00C80D1A /* Build configuration list for PBXNativeTarget "WBSeniorCourse" */ = {
			isa = XCConfigurationList;
			buildConfigurations = (
				1502173A2C43E2CF00C80D1A /* Debug */,
				1502173B2C43E2CF00C80D1A /* Release */,
			);
			defaultConfigurationIsVisible = 0;
			defaultConfigurationName = Release;
		};
/* End XCConfigurationList section */
	};
	rootObject = 150217232C43E2CE00C80D1A /* Project object */;
}
