// !$*UTF8*$!
{
	archiveVersion = 1;
	classes = {
	};
	objectVersion = 56;
	objects = {

/* Begin PBXBuildFile section */
		1502172F2C43E2CE00C80D1A /* WBSeniorCourseApp.swift in Sources */ = {isa = PBXBuildFile; fileRef = 1502172E2C43E2CE00C80D1A /* WBSeniorCourseApp.swift */; };
		150217312C43E2CE00C80D1A /* ContentView.swift in Sources */ = {isa = PBXBuildFile; fileRef = 150217302C43E2CE00C80D1A /* ContentView.swift */; };
		150217332C43E2CF00C80D1A /* Assets.xcassets in Resources */ = {isa = PBXBuildFile; fileRef = 150217322C43E2CF00C80D1A /* Assets.xcassets */; };
		150217362C43E2CF00C80D1A /* Preview Assets.xcassets in Resources */ = {isa = PBXBuildFile; fileRef = 150217352C43E2CF00C80D1A /* Preview Assets.xcassets */; };
		150217422C43E2EF00C80D1A /* Montserrat-Bold.ttf in Resources */ = {isa = PBXBuildFile; fileRef = 1502173C2C43E2EF00C80D1A /* Montserrat-Bold.ttf */; };
		150217432C43E2EF00C80D1A /* Montserrat-Italic.ttf in Resources */ = {isa = PBXBuildFile; fileRef = 1502173D2C43E2EF00C80D1A /* Montserrat-Italic.ttf */; };
		150217442C43E2EF00C80D1A /* Montserrat-Medium.ttf in Resources */ = {isa = PBXBuildFile; fileRef = 1502173E2C43E2EF00C80D1A /* Montserrat-Medium.ttf */; };
		150217452C43E2EF00C80D1A /* Montserrat-Regular.ttf in Resources */ = {isa = PBXBuildFile; fileRef = 1502173F2C43E2EF00C80D1A /* Montserrat-Regular.ttf */; };
		150217462C43E2EF00C80D1A /* Montserrat-SemiBold.ttf in Resources */ = {isa = PBXBuildFile; fileRef = 150217402C43E2EF00C80D1A /* Montserrat-SemiBold.ttf */; };
		1502174C2C43E40600C80D1A /* AuthViewModel.swift in Sources */ = {isa = PBXBuildFile; fileRef = 150217492C43E40600C80D1A /* AuthViewModel.swift */; };
		150217652C43E43D00C80D1A /* Constants.swift in Sources */ = {isa = PBXBuildFile; fileRef = 1502174D2C43E43D00C80D1A /* Constants.swift */; };
		150217662C43E43D00C80D1A /* Extensions.swift in Sources */ = {isa = PBXBuildFile; fileRef = 1502174E2C43E43D00C80D1A /* Extensions.swift */; };
		150217672C43E43D00C80D1A /* Font.swift in Sources */ = {isa = PBXBuildFile; fileRef = 1502174F2C43E43D00C80D1A /* Font.swift */; };
		150217682C43E43D00C80D1A /* UIExtensions.swift in Sources */ = {isa = PBXBuildFile; fileRef = 150217502C43E43D00C80D1A /* UIExtensions.swift */; };
		1502176A2C43E43D00C80D1A /* PhoneModel.swift in Sources */ = {isa = PBXBuildFile; fileRef = 150217532C43E43D00C80D1A /* PhoneModel.swift */; };
		1502176B2C43E43D00C80D1A /* PhoneValidState.swift in Sources */ = {isa = PBXBuildFile; fileRef = 150217542C43E43D00C80D1A /* PhoneValidState.swift */; };
		1502176F2C43E43D00C80D1A /* CustomGradient.swift in Sources */ = {isa = PBXBuildFile; fileRef = 1502175A2C43E43D00C80D1A /* CustomGradient.swift */; };
		150217702C43E43D00C80D1A /* RoundedCorner.swift in Sources */ = {isa = PBXBuildFile; fileRef = 1502175B2C43E43D00C80D1A /* RoundedCorner.swift */; };
		150217712C43E43D00C80D1A /* WBButton.swift in Sources */ = {isa = PBXBuildFile; fileRef = 1502175C2C43E43D00C80D1A /* WBButton.swift */; };
		150217732C43E43D00C80D1A /* PhoneMaskNumberField.swift in Sources */ = {isa = PBXBuildFile; fileRef = 1502175F2C43E43D00C80D1A /* PhoneMaskNumberField.swift */; };
		150217742C43E43D00C80D1A /* AuthScreen.swift in Sources */ = {isa = PBXBuildFile; fileRef = 150217612C43E43D00C80D1A /* AuthScreen.swift */; };
		150217762C43E43D00C80D1A /* IpadContainerView.swift in Sources */ = {isa = PBXBuildFile; fileRef = 150217632C43E43D00C80D1A /* IpadContainerView.swift */; };
		1502177B2C43E47400C80D1A /* HiddenNavigationBar.swift in Sources */ = {isa = PBXBuildFile; fileRef = 150217772C43E47400C80D1A /* HiddenNavigationBar.swift */; };
		1502177C2C43E47400C80D1A /* HideKeyboardModifier.swift in Sources */ = {isa = PBXBuildFile; fileRef = 150217782C43E47400C80D1A /* HideKeyboardModifier.swift */; };
		1502177D2C43E47400C80D1A /* ShakeEffect.swift in Sources */ = {isa = PBXBuildFile; fileRef = 150217792C43E47400C80D1A /* ShakeEffect.swift */; };
		1502177F2C43E4AA00C80D1A /* OTPState.swift in Sources */ = {isa = PBXBuildFile; fileRef = 1502177E2C43E4AA00C80D1A /* OTPState.swift */; };
		150217812C43E4B200C80D1A /* OTPView.swift in Sources */ = {isa = PBXBuildFile; fileRef = 150217802C43E4B200C80D1A /* OTPView.swift */; };
		150217832C43E4B700C80D1A /* InputCodeScreen.swift in Sources */ = {isa = PBXBuildFile; fileRef = 150217822C43E4B700C80D1A /* InputCodeScreen.swift */; };
/* End PBXBuildFile section */

/* Begin PBXFileReference section */
		1502172B2C43E2CE00C80D1A /* WBSeniorCourse.app */ = {isa = PBXFileReference; explicitFileType = wrapper.application; includeInIndex = 0; path = WBSeniorCourse.app; sourceTree = BUILT_PRODUCTS_DIR; };
		1502172E2C43E2CE00C80D1A /* WBSeniorCourseApp.swift */ = {isa = PBXFileReference; lastKnownFileType = sourcecode.swift; path = WBSeniorCourseApp.swift; sourceTree = "<group>"; };
		150217302C43E2CE00C80D1A /* ContentView.swift */ = {isa = PBXFileReference; lastKnownFileType = sourcecode.swift; path = ContentView.swift; sourceTree = "<group>"; };
		150217322C43E2CF00C80D1A /* Assets.xcassets */ = {isa = PBXFileReference; lastKnownFileType = folder.assetcatalog; path = Assets.xcassets; sourceTree = "<group>"; };
		150217352C43E2CF00C80D1A /* Preview Assets.xcassets */ = {isa = PBXFileReference; lastKnownFileType = folder.assetcatalog; path = "Preview Assets.xcassets"; sourceTree = "<group>"; };
		1502173C2C43E2EF00C80D1A /* Montserrat-Bold.ttf */ = {isa = PBXFileReference; lastKnownFileType = file; path = "Montserrat-Bold.ttf"; sourceTree = "<group>"; };
		1502173D2C43E2EF00C80D1A /* Montserrat-Italic.ttf */ = {isa = PBXFileReference; lastKnownFileType = file; path = "Montserrat-Italic.ttf"; sourceTree = "<group>"; };
		1502173E2C43E2EF00C80D1A /* Montserrat-Medium.ttf */ = {isa = PBXFileReference; lastKnownFileType = file; path = "Montserrat-Medium.ttf"; sourceTree = "<group>"; };
		1502173F2C43E2EF00C80D1A /* Montserrat-Regular.ttf */ = {isa = PBXFileReference; lastKnownFileType = file; path = "Montserrat-Regular.ttf"; sourceTree = "<group>"; };
		150217402C43E2EF00C80D1A /* Montserrat-SemiBold.ttf */ = {isa = PBXFileReference; lastKnownFileType = file; path = "Montserrat-SemiBold.ttf"; sourceTree = "<group>"; };
		150217472C43E32000C80D1A /* Info.plist */ = {isa = PBXFileReference; lastKnownFileType = text.plist; path = Info.plist; sourceTree = "<group>"; };
		150217492C43E40600C80D1A /* AuthViewModel.swift */ = {isa = PBXFileReference; fileEncoding = 4; lastKnownFileType = sourcecode.swift; path = AuthViewModel.swift; sourceTree = "<group>"; };
		1502174D2C43E43D00C80D1A /* Constants.swift */ = {isa = PBXFileReference; fileEncoding = 4; lastKnownFileType = sourcecode.swift; path = Constants.swift; sourceTree = "<group>"; };
		1502174E2C43E43D00C80D1A /* Extensions.swift */ = {isa = PBXFileReference; fileEncoding = 4; lastKnownFileType = sourcecode.swift; path = Extensions.swift; sourceTree = "<group>"; };
		1502174F2C43E43D00C80D1A /* Font.swift */ = {isa = PBXFileReference; fileEncoding = 4; lastKnownFileType = sourcecode.swift; path = Font.swift; sourceTree = "<group>"; };
		150217502C43E43D00C80D1A /* UIExtensions.swift */ = {isa = PBXFileReference; fileEncoding = 4; lastKnownFileType = sourcecode.swift; path = UIExtensions.swift; sourceTree = "<group>"; };
		150217532C43E43D00C80D1A /* PhoneModel.swift */ = {isa = PBXFileReference; fileEncoding = 4; lastKnownFileType = sourcecode.swift; path = PhoneModel.swift; sourceTree = "<group>"; };
		150217542C43E43D00C80D1A /* PhoneValidState.swift */ = {isa = PBXFileReference; fileEncoding = 4; lastKnownFileType = sourcecode.swift; path = PhoneValidState.swift; sourceTree = "<group>"; };
		1502175A2C43E43D00C80D1A /* CustomGradient.swift */ = {isa = PBXFileReference; fileEncoding = 4; lastKnownFileType = sourcecode.swift; path = CustomGradient.swift; sourceTree = "<group>"; };
		1502175B2C43E43D00C80D1A /* RoundedCorner.swift */ = {isa = PBXFileReference; fileEncoding = 4; lastKnownFileType = sourcecode.swift; path = RoundedCorner.swift; sourceTree = "<group>"; };
		1502175C2C43E43D00C80D1A /* WBButton.swift */ = {isa = PBXFileReference; fileEncoding = 4; lastKnownFileType = sourcecode.swift; path = WBButton.swift; sourceTree = "<group>"; };
		1502175F2C43E43D00C80D1A /* PhoneMaskNumberField.swift */ = {isa = PBXFileReference; fileEncoding = 4; lastKnownFileType = sourcecode.swift; path = PhoneMaskNumberField.swift; sourceTree = "<group>"; };
		150217612C43E43D00C80D1A /* AuthScreen.swift */ = {isa = PBXFileReference; fileEncoding = 4; lastKnownFileType = sourcecode.swift; path = AuthScreen.swift; sourceTree = "<group>"; };
		150217632C43E43D00C80D1A /* IpadContainerView.swift */ = {isa = PBXFileReference; fileEncoding = 4; lastKnownFileType = sourcecode.swift; path = IpadContainerView.swift; sourceTree = "<group>"; };
		150217772C43E47400C80D1A /* HiddenNavigationBar.swift */ = {isa = PBXFileReference; fileEncoding = 4; lastKnownFileType = sourcecode.swift; path = HiddenNavigationBar.swift; sourceTree = "<group>"; };
		150217782C43E47400C80D1A /* HideKeyboardModifier.swift */ = {isa = PBXFileReference; fileEncoding = 4; lastKnownFileType = sourcecode.swift; path = HideKeyboardModifier.swift; sourceTree = "<group>"; };
		150217792C43E47400C80D1A /* ShakeEffect.swift */ = {isa = PBXFileReference; fileEncoding = 4; lastKnownFileType = sourcecode.swift; path = ShakeEffect.swift; sourceTree = "<group>"; };
		1502177E2C43E4AA00C80D1A /* OTPState.swift */ = {isa = PBXFileReference; fileEncoding = 4; lastKnownFileType = sourcecode.swift; path = OTPState.swift; sourceTree = "<group>"; };
		150217802C43E4B200C80D1A /* OTPView.swift */ = {isa = PBXFileReference; fileEncoding = 4; lastKnownFileType = sourcecode.swift; path = OTPView.swift; sourceTree = "<group>"; };
		150217822C43E4B700C80D1A /* InputCodeScreen.swift */ = {isa = PBXFileReference; fileEncoding = 4; lastKnownFileType = sourcecode.swift; path = InputCodeScreen.swift; sourceTree = "<group>"; };
/* End PBXFileReference section */

/* Begin PBXFrameworksBuildPhase section */
		150217282C43E2CE00C80D1A /* Frameworks */ = {
			isa = PBXFrameworksBuildPhase;
			buildActionMask = 2147483647;
			files = (
			);
			runOnlyForDeploymentPostprocessing = 0;
		};
/* End PBXFrameworksBuildPhase section */

/* Begin PBXGroup section */
		150217222C43E2CE00C80D1A = {
			isa = PBXGroup;
			children = (
				1502172D2C43E2CE00C80D1A /* WBSeniorCourse */,
				1502172C2C43E2CE00C80D1A /* Products */,
			);
			sourceTree = "<group>";
		};
		1502172C2C43E2CE00C80D1A /* Products */ = {
			isa = PBXGroup;
			children = (
				1502172B2C43E2CE00C80D1A /* WBSeniorCourse.app */,
			);
			name = Products;
			sourceTree = "<group>";
		};
		1502172D2C43E2CE00C80D1A /* WBSeniorCourse */ = {
			isa = PBXGroup;
			children = (
				1502172E2C43E2CE00C80D1A /* WBSeniorCourseApp.swift */,
				150217302C43E2CE00C80D1A /* ContentView.swift */,
				1502174A2C43E40600C80D1A /* ViewModel */,
				150217642C43E43D00C80D1A /* View */,
				150217552C43E43D00C80D1A /* Model */,
				1502175D2C43E43D00C80D1A /* Components */,
				150217512C43E43D00C80D1A /* Extensions */,
				150217322C43E2CF00C80D1A /* Assets.xcassets */,
				150217472C43E32000C80D1A /* Info.plist */,
				150217412C43E2EF00C80D1A /* Font */,
				150217342C43E2CF00C80D1A /* Preview Content */,
			);
			path = WBSeniorCourse;
			sourceTree = "<group>";
		};
		150217342C43E2CF00C80D1A /* Preview Content */ = {
			isa = PBXGroup;
			children = (
				150217352C43E2CF00C80D1A /* Preview Assets.xcassets */,
			);
			path = "Preview Content";
			sourceTree = "<group>";
		};
		150217412C43E2EF00C80D1A /* Font */ = {
			isa = PBXGroup;
			children = (
				1502173C2C43E2EF00C80D1A /* Montserrat-Bold.ttf */,
				1502173D2C43E2EF00C80D1A /* Montserrat-Italic.ttf */,
				1502173E2C43E2EF00C80D1A /* Montserrat-Medium.ttf */,
				1502173F2C43E2EF00C80D1A /* Montserrat-Regular.ttf */,
				150217402C43E2EF00C80D1A /* Montserrat-SemiBold.ttf */,
			);
			path = Font;
			sourceTree = "<group>";
		};
		1502174A2C43E40600C80D1A /* ViewModel */ = {
			isa = PBXGroup;
			children = (
				150217492C43E40600C80D1A /* AuthViewModel.swift */,
			);
			path = ViewModel;
			sourceTree = "<group>";
		};
		150217512C43E43D00C80D1A /* Extensions */ = {
			isa = PBXGroup;
			children = (
				1502174D2C43E43D00C80D1A /* Constants.swift */,
				1502174E2C43E43D00C80D1A /* Extensions.swift */,
				1502174F2C43E43D00C80D1A /* Font.swift */,
				150217502C43E43D00C80D1A /* UIExtensions.swift */,
			);
			path = Extensions;
			sourceTree = "<group>";
		};
		150217552C43E43D00C80D1A /* Model */ = {
			isa = PBXGroup;
			children = (
				1502177E2C43E4AA00C80D1A /* OTPState.swift */,
				150217532C43E43D00C80D1A /* PhoneModel.swift */,
				150217542C43E43D00C80D1A /* PhoneValidState.swift */,
			);
			path = Model;
			sourceTree = "<group>";
		};
		1502175D2C43E43D00C80D1A /* Components */ = {
			isa = PBXGroup;
			children = (
				1502177A2C43E47400C80D1A /* CustomModifier  */,
				1502175A2C43E43D00C80D1A /* CustomGradient.swift */,
				1502175B2C43E43D00C80D1A /* RoundedCorner.swift */,
				1502175C2C43E43D00C80D1A /* WBButton.swift */,
			);
			path = Components;
			sourceTree = "<group>";
		};
		150217602C43E43D00C80D1A /* Component */ = {
			isa = PBXGroup;
			children = (
				150217802C43E4B200C80D1A /* OTPView.swift */,
				1502175F2C43E43D00C80D1A /* PhoneMaskNumberField.swift */,
			);
			path = Component;
			sourceTree = "<group>";
		};
		150217642C43E43D00C80D1A /* View */ = {
			isa = PBXGroup;
			children = (
				150217602C43E43D00C80D1A /* Component */,
				150217612C43E43D00C80D1A /* AuthScreen.swift */,
				150217822C43E4B700C80D1A /* InputCodeScreen.swift */,
				150217632C43E43D00C80D1A /* IpadContainerView.swift */,
			);
			path = View;
			sourceTree = "<group>";
		};
		1502177A2C43E47400C80D1A /* CustomModifier  */ = {
			isa = PBXGroup;
			children = (
				150217772C43E47400C80D1A /* HiddenNavigationBar.swift */,
				150217782C43E47400C80D1A /* HideKeyboardModifier.swift */,
				150217792C43E47400C80D1A /* ShakeEffect.swift */,
			);
			path = "CustomModifier ";
			sourceTree = "<group>";
		};
/* End PBXGroup section */

/* Begin PBXNativeTarget section */
		1502172A2C43E2CE00C80D1A /* WBSeniorCourse */ = {
			isa = PBXNativeTarget;
			buildConfigurationList = 150217392C43E2CF00C80D1A /* Build configuration list for PBXNativeTarget "WBSeniorCourse" */;
			buildPhases = (
				150217272C43E2CE00C80D1A /* Sources */,
				150217282C43E2CE00C80D1A /* Frameworks */,
				150217292C43E2CE00C80D1A /* Resources */,
			);
			buildRules = (
			);
			dependencies = (
			);
			name = WBSeniorCourse;
			productName = WBSeniorCourse;
			productReference = 1502172B2C43E2CE00C80D1A /* WBSeniorCourse.app */;
			productType = "com.apple.product-type.application";
		};
/* End PBXNativeTarget section */

/* Begin PBXProject section */
		150217232C43E2CE00C80D1A /* Project object */ = {
			isa = PBXProject;
			attributes = {
				BuildIndependentTargetsInParallel = 1;
				LastSwiftUpdateCheck = 1530;
				LastUpgradeCheck = 1530;
				TargetAttributes = {
					1502172A2C43E2CE00C80D1A = {
						CreatedOnToolsVersion = 15.3;
					};
				};
			};
			buildConfigurationList = 150217262C43E2CE00C80D1A /* Build configuration list for PBXProject "WBSeniorCourse" */;
			compatibilityVersion = "Xcode 14.0";
			developmentRegion = en;
			hasScannedForEncodings = 0;
			knownRegions = (
				en,
				Base,
			);
			mainGroup = 150217222C43E2CE00C80D1A;
			productRefGroup = 1502172C2C43E2CE00C80D1A /* Products */;
			projectDirPath = "";
			projectRoot = "";
			targets = (
				1502172A2C43E2CE00C80D1A /* WBSeniorCourse */,
			);
		};
/* End PBXProject section */

/* Begin PBXResourcesBuildPhase section */
		150217292C43E2CE00C80D1A /* Resources */ = {
			isa = PBXResourcesBuildPhase;
			buildActionMask = 2147483647;
			files = (
				150217452C43E2EF00C80D1A /* Montserrat-Regular.ttf in Resources */,
				150217362C43E2CF00C80D1A /* Preview Assets.xcassets in Resources */,
				150217442C43E2EF00C80D1A /* Montserrat-Medium.ttf in Resources */,
				150217462C43E2EF00C80D1A /* Montserrat-SemiBold.ttf in Resources */,
				150217332C43E2CF00C80D1A /* Assets.xcassets in Resources */,
				150217422C43E2EF00C80D1A /* Montserrat-Bold.ttf in Resources */,
				150217432C43E2EF00C80D1A /* Montserrat-Italic.ttf in Resources */,
			);
			runOnlyForDeploymentPostprocessing = 0;
		};
/* End PBXResourcesBuildPhase section */

/* Begin PBXSourcesBuildPhase section */
		150217272C43E2CE00C80D1A /* Sources */ = {
			isa = PBXSourcesBuildPhase;
			buildActionMask = 2147483647;
			files = (
				150217732C43E43D00C80D1A /* PhoneMaskNumberField.swift in Sources */,
				1502176F2C43E43D00C80D1A /* CustomGradient.swift in Sources */,
				150217662C43E43D00C80D1A /* Extensions.swift in Sources */,
				150217682C43E43D00C80D1A /* UIExtensions.swift in Sources */,
				1502174C2C43E40600C80D1A /* AuthViewModel.swift in Sources */,
				1502177B2C43E47400C80D1A /* HiddenNavigationBar.swift in Sources */,
				150217812C43E4B200C80D1A /* OTPView.swift in Sources */,
				1502176B2C43E43D00C80D1A /* PhoneValidState.swift in Sources */,
				150217672C43E43D00C80D1A /* Font.swift in Sources */,
				150217832C43E4B700C80D1A /* InputCodeScreen.swift in Sources */,
				150217312C43E2CE00C80D1A /* ContentView.swift in Sources */,
				1502172F2C43E2CE00C80D1A /* WBSeniorCourseApp.swift in Sources */,
				150217762C43E43D00C80D1A /* IpadContainerView.swift in Sources */,
				1502177C2C43E47400C80D1A /* HideKeyboardModifier.swift in Sources */,
				150217652C43E43D00C80D1A /* Constants.swift in Sources */,
				150217702C43E43D00C80D1A /* RoundedCorner.swift in Sources */,
				1502176A2C43E43D00C80D1A /* PhoneModel.swift in Sources */,
				150217742C43E43D00C80D1A /* AuthScreen.swift in Sources */,
				150217712C43E43D00C80D1A /* WBButton.swift in Sources */,
				1502177D2C43E47400C80D1A /* ShakeEffect.swift in Sources */,
				1502177F2C43E4AA00C80D1A /* OTPState.swift in Sources */,
			);
			runOnlyForDeploymentPostprocessing = 0;
		};
/* End PBXSourcesBuildPhase section */

/* Begin XCBuildConfiguration section */
		150217372C43E2CF00C80D1A /* Debug */ = {
			isa = XCBuildConfiguration;
			buildSettings = {
				ALWAYS_SEARCH_USER_PATHS = NO;
				ASSETCATALOG_COMPILER_GENERATE_SWIFT_ASSET_SYMBOL_EXTENSIONS = YES;
				CLANG_ANALYZER_NONNULL = YES;
				CLANG_ANALYZER_NUMBER_OBJECT_CONVERSION = YES_AGGRESSIVE;
				CLANG_CXX_LANGUAGE_STANDARD = "gnu++20";
				CLANG_ENABLE_MODULES = YES;
				CLANG_ENABLE_OBJC_ARC = YES;
				CLANG_ENABLE_OBJC_WEAK = YES;
				CLANG_WARN_BLOCK_CAPTURE_AUTORELEASING = YES;
				CLANG_WARN_BOOL_CONVERSION = YES;
				CLANG_WARN_COMMA = YES;
				CLANG_WARN_CONSTANT_CONVERSION = YES;
				CLANG_WARN_DEPRECATED_OBJC_IMPLEMENTATIONS = YES;
				CLANG_WARN_DIRECT_OBJC_ISA_USAGE = YES_ERROR;
				CLANG_WARN_DOCUMENTATION_COMMENTS = YES;
				CLANG_WARN_EMPTY_BODY = YES;
				CLANG_WARN_ENUM_CONVERSION = YES;
				CLANG_WARN_INFINITE_RECURSION = YES;
				CLANG_WARN_INT_CONVERSION = YES;
				CLANG_WARN_NON_LITERAL_NULL_CONVERSION = YES;
				CLANG_WARN_OBJC_IMPLICIT_RETAIN_SELF = YES;
				CLANG_WARN_OBJC_LITERAL_CONVERSION = YES;
				CLANG_WARN_OBJC_ROOT_CLASS = YES_ERROR;
				CLANG_WARN_QUOTED_INCLUDE_IN_FRAMEWORK_HEADER = YES;
				CLANG_WARN_RANGE_LOOP_ANALYSIS = YES;
				CLANG_WARN_STRICT_PROTOTYPES = YES;
				CLANG_WARN_SUSPICIOUS_MOVE = YES;
				CLANG_WARN_UNGUARDED_AVAILABILITY = YES_AGGRESSIVE;
				CLANG_WARN_UNREACHABLE_CODE = YES;
				CLANG_WARN__DUPLICATE_METHOD_MATCH = YES;
				COPY_PHASE_STRIP = NO;
				DEBUG_INFORMATION_FORMAT = dwarf;
				ENABLE_STRICT_OBJC_MSGSEND = YES;
				ENABLE_TESTABILITY = YES;
				ENABLE_USER_SCRIPT_SANDBOXING = YES;
				GCC_C_LANGUAGE_STANDARD = gnu17;
				GCC_DYNAMIC_NO_PIC = NO;
				GCC_NO_COMMON_BLOCKS = YES;
				GCC_OPTIMIZATION_LEVEL = 0;
				GCC_PREPROCESSOR_DEFINITIONS = (
					"DEBUG=1",
					"$(inherited)",
				);
				GCC_WARN_64_TO_32_BIT_CONVERSION = YES;
				GCC_WARN_ABOUT_RETURN_TYPE = YES_ERROR;
				GCC_WARN_UNDECLARED_SELECTOR = YES;
				GCC_WARN_UNINITIALIZED_AUTOS = YES_AGGRESSIVE;
				GCC_WARN_UNUSED_FUNCTION = YES;
				GCC_WARN_UNUSED_VARIABLE = YES;
				IPHONEOS_DEPLOYMENT_TARGET = 16.0;
				LOCALIZATION_PREFERS_STRING_CATALOGS = YES;
				MTL_ENABLE_DEBUG_INFO = INCLUDE_SOURCE;
				MTL_FAST_MATH = YES;
				ONLY_ACTIVE_ARCH = YES;
				SDKROOT = iphoneos;
				SWIFT_ACTIVE_COMPILATION_CONDITIONS = "DEBUG $(inherited)";
				SWIFT_OPTIMIZATION_LEVEL = "-Onone";
			};
			name = Debug;
		};
		150217382C43E2CF00C80D1A /* Release */ = {
			isa = XCBuildConfiguration;
			buildSettings = {
				ALWAYS_SEARCH_USER_PATHS = NO;
				ASSETCATALOG_COMPILER_GENERATE_SWIFT_ASSET_SYMBOL_EXTENSIONS = YES;
				CLANG_ANALYZER_NONNULL = YES;
				CLANG_ANALYZER_NUMBER_OBJECT_CONVERSION = YES_AGGRESSIVE;
				CLANG_CXX_LANGUAGE_STANDARD = "gnu++20";
				CLANG_ENABLE_MODULES = YES;
				CLANG_ENABLE_OBJC_ARC = YES;
				CLANG_ENABLE_OBJC_WEAK = YES;
				CLANG_WARN_BLOCK_CAPTURE_AUTORELEASING = YES;
				CLANG_WARN_BOOL_CONVERSION = YES;
				CLANG_WARN_COMMA = YES;
				CLANG_WARN_CONSTANT_CONVERSION = YES;
				CLANG_WARN_DEPRECATED_OBJC_IMPLEMENTATIONS = YES;
				CLANG_WARN_DIRECT_OBJC_ISA_USAGE = YES_ERROR;
				CLANG_WARN_DOCUMENTATION_COMMENTS = YES;
				CLANG_WARN_EMPTY_BODY = YES;
				CLANG_WARN_ENUM_CONVERSION = YES;
				CLANG_WARN_INFINITE_RECURSION = YES;
				CLANG_WARN_INT_CONVERSION = YES;
				CLANG_WARN_NON_LITERAL_NULL_CONVERSION = YES;
				CLANG_WARN_OBJC_IMPLICIT_RETAIN_SELF = YES;
				CLANG_WARN_OBJC_LITERAL_CONVERSION = YES;
				CLANG_WARN_OBJC_ROOT_CLASS = YES_ERROR;
				CLANG_WARN_QUOTED_INCLUDE_IN_FRAMEWORK_HEADER = YES;
				CLANG_WARN_RANGE_LOOP_ANALYSIS = YES;
				CLANG_WARN_STRICT_PROTOTYPES = YES;
				CLANG_WARN_SUSPICIOUS_MOVE = YES;
				CLANG_WARN_UNGUARDED_AVAILABILITY = YES_AGGRESSIVE;
				CLANG_WARN_UNREACHABLE_CODE = YES;
				CLANG_WARN__DUPLICATE_METHOD_MATCH = YES;
				COPY_PHASE_STRIP = NO;
				DEBUG_INFORMATION_FORMAT = "dwarf-with-dsym";
				ENABLE_NS_ASSERTIONS = NO;
				ENABLE_STRICT_OBJC_MSGSEND = YES;
				ENABLE_USER_SCRIPT_SANDBOXING = YES;
				GCC_C_LANGUAGE_STANDARD = gnu17;
				GCC_NO_COMMON_BLOCKS = YES;
				GCC_WARN_64_TO_32_BIT_CONVERSION = YES;
				GCC_WARN_ABOUT_RETURN_TYPE = YES_ERROR;
				GCC_WARN_UNDECLARED_SELECTOR = YES;
				GCC_WARN_UNINITIALIZED_AUTOS = YES_AGGRESSIVE;
				GCC_WARN_UNUSED_FUNCTION = YES;
				GCC_WARN_UNUSED_VARIABLE = YES;
				IPHONEOS_DEPLOYMENT_TARGET = 16.0;
				LOCALIZATION_PREFERS_STRING_CATALOGS = YES;
				MTL_ENABLE_DEBUG_INFO = NO;
				MTL_FAST_MATH = YES;
				SDKROOT = iphoneos;
				SWIFT_COMPILATION_MODE = wholemodule;
				VALIDATE_PRODUCT = YES;
			};
			name = Release;
		};
		1502173A2C43E2CF00C80D1A /* Debug */ = {
			isa = XCBuildConfiguration;
			buildSettings = {
				ASSETCATALOG_COMPILER_APPICON_NAME = AppIcon;
				ASSETCATALOG_COMPILER_GLOBAL_ACCENT_COLOR_NAME = AccentColor;
				CODE_SIGN_STYLE = Automatic;
				CURRENT_PROJECT_VERSION = 1;
				DEVELOPMENT_ASSET_PATHS = "\"WBSeniorCourse/Preview Content\"";
				DEVELOPMENT_TEAM = PP55TUKCZU;
				ENABLE_PREVIEWS = YES;
				GENERATE_INFOPLIST_FILE = YES;
				INFOPLIST_FILE = WBSeniorCourse/Info.plist;
				INFOPLIST_KEY_UIApplicationSceneManifest_Generation = YES;
				INFOPLIST_KEY_UIApplicationSupportsIndirectInputEvents = YES;
				INFOPLIST_KEY_UILaunchScreen_Generation = YES;
				INFOPLIST_KEY_UISupportedInterfaceOrientations = "UIInterfaceOrientationLandscapeLeft UIInterfaceOrientationLandscapeRight UIInterfaceOrientationPortrait";
				INFOPLIST_KEY_UISupportedInterfaceOrientations_iPad = "UIInterfaceOrientationLandscapeLeft UIInterfaceOrientationLandscapeRight UIInterfaceOrientationPortrait UIInterfaceOrientationPortraitUpsideDown";
				IPHONEOS_DEPLOYMENT_TARGET = 16.0;
				LD_RUNPATH_SEARCH_PATHS = (
					"$(inherited)",
					"@executable_path/Frameworks",
				);
				MARKETING_VERSION = 1.0;
				PRODUCT_BUNDLE_IDENTIFIER = shurup.WBSeniorCourse;
				PRODUCT_NAME = "$(TARGET_NAME)";
				SUPPORTED_PLATFORMS = "iphoneos iphonesimulator";
				SUPPORTS_MACCATALYST = NO;
				SUPPORTS_MAC_DESIGNED_FOR_IPHONE_IPAD = NO;
				SUPPORTS_XR_DESIGNED_FOR_IPHONE_IPAD = NO;
				SWIFT_EMIT_LOC_STRINGS = YES;
				SWIFT_VERSION = 5.0;
				TARGETED_DEVICE_FAMILY = "1,2";
			};
			name = Debug;
		};
		1502173B2C43E2CF00C80D1A /* Release */ = {
			isa = XCBuildConfiguration;
			buildSettings = {
				ASSETCATALOG_COMPILER_APPICON_NAME = AppIcon;
				ASSETCATALOG_COMPILER_GLOBAL_ACCENT_COLOR_NAME = AccentColor;
				CODE_SIGN_STYLE = Automatic;
				CURRENT_PROJECT_VERSION = 1;
				DEVELOPMENT_ASSET_PATHS = "\"WBSeniorCourse/Preview Content\"";
				DEVELOPMENT_TEAM = PP55TUKCZU;
				ENABLE_PREVIEWS = YES;
				GENERATE_INFOPLIST_FILE = YES;
				INFOPLIST_FILE = WBSeniorCourse/Info.plist;
				INFOPLIST_KEY_UIApplicationSceneManifest_Generation = YES;
				INFOPLIST_KEY_UIApplicationSupportsIndirectInputEvents = YES;
				INFOPLIST_KEY_UILaunchScreen_Generation = YES;
				INFOPLIST_KEY_UISupportedInterfaceOrientations = "UIInterfaceOrientationLandscapeLeft UIInterfaceOrientationLandscapeRight UIInterfaceOrientationPortrait";
				INFOPLIST_KEY_UISupportedInterfaceOrientations_iPad = "UIInterfaceOrientationLandscapeLeft UIInterfaceOrientationLandscapeRight UIInterfaceOrientationPortrait UIInterfaceOrientationPortraitUpsideDown";
				IPHONEOS_DEPLOYMENT_TARGET = 16.0;
				LD_RUNPATH_SEARCH_PATHS = (
					"$(inherited)",
					"@executable_path/Frameworks",
				);
				MARKETING_VERSION = 1.0;
				PRODUCT_BUNDLE_IDENTIFIER = shurup.WBSeniorCourse;
				PRODUCT_NAME = "$(TARGET_NAME)";
				SUPPORTED_PLATFORMS = "iphoneos iphonesimulator";
				SUPPORTS_MACCATALYST = NO;
				SUPPORTS_MAC_DESIGNED_FOR_IPHONE_IPAD = NO;
				SUPPORTS_XR_DESIGNED_FOR_IPHONE_IPAD = NO;
				SWIFT_EMIT_LOC_STRINGS = YES;
				SWIFT_VERSION = 5.0;
				TARGETED_DEVICE_FAMILY = "1,2";
			};
			name = Release;
		};
/* End XCBuildConfiguration section */

/* Begin XCConfigurationList section */
		150217262C43E2CE00C80D1A /* Build configuration list for PBXProject "WBSeniorCourse" */ = {
			isa = XCConfigurationList;
			buildConfigurations = (
				150217372C43E2CF00C80D1A /* Debug */,
				150217382C43E2CF00C80D1A /* Release */,
			);
			defaultConfigurationIsVisible = 0;
			defaultConfigurationName = Release;
		};
		150217392C43E2CF00C80D1A /* Build configuration list for PBXNativeTarget "WBSeniorCourse" */ = {
			isa = XCConfigurationList;
			buildConfigurations = (
				1502173A2C43E2CF00C80D1A /* Debug */,
				1502173B2C43E2CF00C80D1A /* Release */,
			);
			defaultConfigurationIsVisible = 0;
			defaultConfigurationName = Release;
		};
/* End XCConfigurationList section */
	};
	rootObject = 150217232C43E2CE00C80D1A /* Project object */;
}
